<?xml version="1.0" encoding="utf-8"?>
<Project ToolsVersion="4.0" xmlns="http://schemas.microsoft.com/developer/msbuild/2003">
  <ItemGroup>
    <Filter Include="Source Files">
      <UniqueIdentifier>{4FC737F1-C7A5-4376-A066-2A32D752A2FF}</UniqueIdentifier>
      <Extensions>cpp;c;cc;cxx;def;odl;idl;hpj;bat;asm;asmx</Extensions>
    </Filter>
    <Filter Include="Header Files">
      <UniqueIdentifier>{93995380-89BD-4b04-88EB-625FBE52EBFB}</UniqueIdentifier>
      <Extensions>h;hpp;hxx;hm;inl;inc;xsd</Extensions>
    </Filter>
    <Filter Include="Header Files\Sockets">
      <UniqueIdentifier>{0920437e-024a-49ba-8415-2a7cc7b8450d}</UniqueIdentifier>
    </Filter>
    <Filter Include="Header Files\Properties">
      <UniqueIdentifier>{72be901e-7a8d-4515-bf7d-30e92baa422f}</UniqueIdentifier>
    </Filter>
    <Filter Include="Header Files\Objects">
      <UniqueIdentifier>{cb2f3c90-5e88-4735-999e-16e0afe323d8}</UniqueIdentifier>
    </Filter>
    <Filter Include="Source Files\Properties">
      <UniqueIdentifier>{70d09996-7802-4f1a-bf6c-57bb143c2beb}</UniqueIdentifier>
    </Filter>
    <Filter Include="Header Files\Interfaces">
      <UniqueIdentifier>{cfef63df-9134-404b-9a24-8923eaec3b10}</UniqueIdentifier>
    </Filter>
    <Filter Include="Source Files\Sockets">
      <UniqueIdentifier>{b8c9c64c-d6ea-4b9c-ba87-8ae721970f29}</UniqueIdentifier>
    </Filter>
    <Filter Include="Source Files\Modules">
      <UniqueIdentifier>{e4e9fd9b-1eae-422e-b1fa-ab178bb35e63}</UniqueIdentifier>
    </Filter>
    <Filter Include="Source Files\Objects">
      <UniqueIdentifier>{c42fc2b6-5acf-47a8-8b17-cea34a9cfc5f}</UniqueIdentifier>
    </Filter>
    <Filter Include="Header Files\Modules">
      <UniqueIdentifier>{18344abf-653b-4c4a-861b-b07626e583b9}</UniqueIdentifier>
    </Filter>
  </ItemGroup>
  <ItemGroup>
    <ClInclude Include="stdafx.h">
      <Filter>Header Files</Filter>
    </ClInclude>
    <ClInclude Include="Variant.hpp">
      <Filter>Header Files\Objects</Filter>
    </ClInclude>
    <ClInclude Include="Vector.hpp">
      <Filter>Header Files\Objects</Filter>
    </ClInclude>
    <ClInclude Include="Variable.hpp">
      <Filter>Header Files\Objects</Filter>
    </ClInclude>
    <ClInclude Include="Property.hpp">
      <Filter>Header Files\Properties</Filter>
    </ClInclude>
    <ClInclude Include="main.hpp">
      <Filter>Header Files</Filter>
    </ClInclude>
    <ClInclude Include="Socket.hpp">
      <Filter>Header Files\Sockets</Filter>
    </ClInclude>
    <ClInclude Include="Object.hpp">
      <Filter>Header Files\Objects</Filter>
    </ClInclude>
    <ClInclude Include="Module.hpp">
      <Filter>Header Files</Filter>
    </ClInclude>
    <ClInclude Include="Reportable.hpp">
      <Filter>Header Files</Filter>
    </ClInclude>
    <ClInclude Include="SequentialAcces.hpp">
      <Filter>Header Files\Interfaces</Filter>
    </ClInclude>
    <ClInclude Include="RandomAcces.hpp">
      <Filter>Header Files\Interfaces</Filter>
    </ClInclude>
    <ClInclude Include="Description.hpp">
      <Filter>Header Files</Filter>
    </ClInclude>
    <ClInclude Include="BaseProperty.hpp">
      <Filter>Header Files\Properties</Filter>
    </ClInclude>
    <ClInclude Include="LimitedProperty.hpp">
      <Filter>Header Files\Properties</Filter>
    </ClInclude>
    <ClInclude Include="PropertyCreator.hpp">
      <Filter>Header Files\Properties</Filter>
    </ClInclude>
    <ClInclude Include="ReportProperty.hpp">
      <Filter>Header Files\Properties</Filter>
    </ClInclude>
    <ClInclude Include="Exception.hpp">
      <Filter>Header Files</Filter>
    </ClInclude>
    <ClInclude Include="FileProperty.hpp">
      <Filter>Header Files\Properties</Filter>
    </ClInclude>
    <ClInclude Include="IntSelection.hpp">
      <Filter>Header Files\Properties</Filter>
    </ClInclude>
    <ClInclude Include="LimitedReportProperty.hpp">
      <Filter>Header Files\Properties</Filter>
    </ClInclude>
    <ClInclude Include="IntSelectionReport.hpp">
      <Filter>Header Files\Properties</Filter>
    </ClInclude>
    <ClInclude Include="Loader.hpp">
      <Filter>Header Files\Modules</Filter>
    </ClInclude>
    <ClInclude Include="RandTransformer.hpp">
      <Filter>Header Files\Modules</Filter>
    </ClInclude>
    <ClInclude Include="Visualiser.hpp">
      <Filter>Header Files\Modules</Filter>
    </ClInclude>
  </ItemGroup>
  <ItemGroup>
    <ClCompile Include="stdafx.cpp">
      <Filter>Source Files</Filter>
    </ClCompile>
    <ClCompile Include="Socket.cpp">
      <Filter>Source Files\Sockets</Filter>
    </ClCompile>
    <ClCompile Include="Module.cpp">
      <Filter>Source Files</Filter>
    </ClCompile>
    <ClCompile Include="Loader.cpp">
      <Filter>Source Files\Modules</Filter>
    </ClCompile>
    <ClCompile Include="Description.cpp">
      <Filter>Source Files</Filter>
    </ClCompile>
    <ClCompile Include="Object.cpp">
      <Filter>Source Files\Objects</Filter>
    </ClCompile>
    <ClCompile Include="BaseProperty.cpp">
      <Filter>Source Files\Properties</Filter>
    </ClCompile>
    <ClCompile Include="PropertyCreator.cpp">
      <Filter>Source Files\Properties</Filter>
    </ClCompile>
    <ClCompile Include="LimitedProperty.cpp">
      <Filter>Source Files\Properties</Filter>
    </ClCompile>
    <ClCompile Include="ReportProperty.cpp">
      <Filter>Source Files\Properties</Filter>
    </ClCompile>
    <ClCompile Include="Exception.cpp">
      <Filter>Source Files</Filter>
    </ClCompile>
    <ClCompile Include="FileProperty.cpp">
      <Filter>Source Files\Properties</Filter>
    </ClCompile>
    <ClCompile Include="IntSelection.cpp">
      <Filter>Source Files\Properties</Filter>
    </ClCompile>
    <ClCompile Include="LimitedReportProperty.cpp">
      <Filter>Source Files\Properties</Filter>
    </ClCompile>
    <ClCompile Include="IntSelectionReport.cpp">
      <Filter>Source Files\Properties</Filter>
    </ClCompile>
  </ItemGroup>
</Project>